<Solution>
  <Folder Name="/src/">
    <Project Path="src/Folguinha.Domain/Folguinha.Domain.csproj" />
    <Project Path="src/Folguinha.Application/Folguinha.Application.csproj" />
    <Project Path="src/Folguinha.Infrastructure/Folguinha.Infrastructure.csproj" />
    <Project Path="src/Folguinha.Web/Folguinha.Web.csproj" />
  </Folder>
  <Folder Name="/tests/">
    <Project Path="tests/Folguinha.Domain.Tests/Folguinha.Domain.Tests.csproj" />
    <Project Path="tests/Folguinha.Application.Tests/Folguinha.Application.Tests.csproj" />
  </Folder>
</Solution>
